// !$*UTF8*$!
{
	archiveVersion = 1;
	classes = {
	};
	objectVersion = 50;
	objects = {

/* Begin PBXBuildFile section */
		436D010624277D6400FA1F42 /* JHTableViewCell.swift in Sources */ = {isa = PBXBuildFile; fileRef = 436D010524277D6400FA1F42 /* JHTableViewCell.swift */; };
		438075D72421171500F4EB0A /* AppDelegate.swift in Sources */ = {isa = PBXBuildFile; fileRef = 438075D62421171500F4EB0A /* AppDelegate.swift */; };
		438075D92421171500F4EB0A /* SceneDelegate.swift in Sources */ = {isa = PBXBuildFile; fileRef = 438075D82421171500F4EB0A /* SceneDelegate.swift */; };
		438075DB2421171500F4EB0A /* ViewController.swift in Sources */ = {isa = PBXBuildFile; fileRef = 438075DA2421171500F4EB0A /* ViewController.swift */; };
		438075DE2421171500F4EB0A /* Main.storyboard in Resources */ = {isa = PBXBuildFile; fileRef = 438075DC2421171500F4EB0A /* Main.storyboard */; };
		438075E02421171700F4EB0A /* Assets.xcassets in Resources */ = {isa = PBXBuildFile; fileRef = 438075DF2421171700F4EB0A /* Assets.xcassets */; };
		438075E32421171700F4EB0A /* LaunchScreen.storyboard in Resources */ = {isa = PBXBuildFile; fileRef = 438075E12421171700F4EB0A /* LaunchScreen.storyboard */; };
		438075EE2421171700F4EB0A /* JH_memoTests.swift in Sources */ = {isa = PBXBuildFile; fileRef = 438075ED2421171700F4EB0A /* JH_memoTests.swift */; };
		438075F92421171800F4EB0A /* JH_memoUITests.swift in Sources */ = {isa = PBXBuildFile; fileRef = 438075F82421171800F4EB0A /* JH_memoUITests.swift */; };
/* End PBXBuildFile section */

/* Begin PBXContainerItemProxy section */
		438075EA2421171700F4EB0A /* PBXContainerItemProxy */ = {
			isa = PBXContainerItemProxy;
			containerPortal = 438075CB2421171500F4EB0A /* Project object */;
			proxyType = 1;
			remoteGlobalIDString = 438075D22421171500F4EB0A;
			remoteInfo = "JH-memo";
		};
		438075F52421171800F4EB0A /* PBXContainerItemProxy */ = {
			isa = PBXContainerItemProxy;
			containerPortal = 438075CB2421171500F4EB0A /* Project object */;
			proxyType = 1;
			remoteGlobalIDString = 438075D22421171500F4EB0A;
			remoteInfo = "JH-memo";
		};
/* End PBXContainerItemProxy section */

/* Begin PBXFileReference section */
		436D010524277D6400FA1F42 /* JHTableViewCell.swift */ = {isa = PBXFileReference; lastKnownFileType = sourcecode.swift; path = JHTableViewCell.swift; sourceTree = "<group>"; };
		438075D32421171500F4EB0A /* JH-memo.app */ = {isa = PBXFileReference; explicitFileType = wrapper.application; includeInIndex = 0; path = "JH-memo.app"; sourceTree = BUILT_PRODUCTS_DIR; };
		438075D62421171500F4EB0A /* AppDelegate.swift */ = {isa = PBXFileReference; lastKnownFileType = sourcecode.swift; path = AppDelegate.swift; sourceTree = "<group>"; };
		438075D82421171500F4EB0A /* SceneDelegate.swift */ = {isa = PBXFileReference; lastKnownFileType = sourcecode.swift; path = SceneDelegate.swift; sourceTree = "<group>"; };
		438075DA2421171500F4EB0A /* ViewController.swift */ = {isa = PBXFileReference; lastKnownFileType = sourcecode.swift; path = ViewController.swift; sourceTree = "<group>"; };
		438075DD2421171500F4EB0A /* Base */ = {isa = PBXFileReference; lastKnownFileType = file.storyboard; name = Base; path = Base.lproj/Main.storyboard; sourceTree = "<group>"; };
		438075DF2421171700F4EB0A /* Assets.xcassets */ = {isa = PBXFileReference; lastKnownFileType = folder.assetcatalog; path = Assets.xcassets; sourceTree = "<group>"; };
		438075E22421171700F4EB0A /* Base */ = {isa = PBXFileReference; lastKnownFileType = file.storyboard; name = Base; path = Base.lproj/LaunchScreen.storyboard; sourceTree = "<group>"; };
		438075E42421171700F4EB0A /* Info.plist */ = {isa = PBXFileReference; lastKnownFileType = text.plist.xml; path = Info.plist; sourceTree = "<group>"; };
		438075E92421171700F4EB0A /* JH-memoTests.xctest */ = {isa = PBXFileReference; explicitFileType = wrapper.cfbundle; includeInIndex = 0; path = "JH-memoTests.xctest"; sourceTree = BUILT_PRODUCTS_DIR; };
		438075ED2421171700F4EB0A /* JH_memoTests.swift */ = {isa = PBXFileReference; lastKnownFileType = sourcecode.swift; path = JH_memoTests.swift; sourceTree = "<group>"; };
		438075EF2421171700F4EB0A /* Info.plist */ = {isa = PBXFileReference; lastKnownFileType = text.plist.xml; path = Info.plist; sourceTree = "<group>"; };
		438075F42421171800F4EB0A /* JH-memoUITests.xctest */ = {isa = PBXFileReference; explicitFileType = wrapper.cfbundle; includeInIndex = 0; path = "JH-memoUITests.xctest"; sourceTree = BUILT_PRODUCTS_DIR; };
		438075F82421171800F4EB0A /* JH_memoUITests.swift */ = {isa = PBXFileReference; lastKnownFileType = sourcecode.swift; path = JH_memoUITests.swift; sourceTree = "<group>"; };
		438075FA2421171800F4EB0A /* Info.plist */ = {isa = PBXFileReference; lastKnownFileType = text.plist.xml; path = Info.plist; sourceTree = "<group>"; };
/* End PBXFileReference section */

/* Begin PBXFrameworksBuildPhase section */
		438075D02421171500F4EB0A /* Frameworks */ = {
			isa = PBXFrameworksBuildPhase;
			buildActionMask = 2147483647;
			files = (
			);
			runOnlyForDeploymentPostprocessing = 0;
		};
		438075E62421171700F4EB0A /* Frameworks */ = {
			isa = PBXFrameworksBuildPhase;
			buildActionMask = 2147483647;
			files = (
			);
			runOnlyForDeploymentPostprocessing = 0;
		};
		438075F12421171800F4EB0A /* Frameworks */ = {
			isa = PBXFrameworksBuildPhase;
			buildActionMask = 2147483647;
			files = (
			);
			runOnlyForDeploymentPostprocessing = 0;
		};
/* End PBXFrameworksBuildPhase section */

/* Begin PBXGroup section */
		438075CA2421171500F4EB0A = {
			isa = PBXGroup;
			children = (
				438075D52421171500F4EB0A /* JH-memo */,
				438075EC2421171700F4EB0A /* JH-memoTests */,
				438075F72421171800F4EB0A /* JH-memoUITests */,
				438075D42421171500F4EB0A /* Products */,
			);
			sourceTree = "<group>";
		};
		438075D42421171500F4EB0A /* Products */ = {
			isa = PBXGroup;
			children = (
				438075D32421171500F4EB0A /* JH-memo.app */,
				438075E92421171700F4EB0A /* JH-memoTests.xctest */,
				438075F42421171800F4EB0A /* JH-memoUITests.xctest */,
			);
			name = Products;
			sourceTree = "<group>";
		};
		438075D52421171500F4EB0A /* JH-memo */ = {
			isa = PBXGroup;
			children = (
				438075D62421171500F4EB0A /* AppDelegate.swift */,
				438075D82421171500F4EB0A /* SceneDelegate.swift */,
				438075DA2421171500F4EB0A /* ViewController.swift */,
				436D010524277D6400FA1F42 /* JHTableViewCell.swift */,
				438075DC2421171500F4EB0A /* Main.storyboard */,
				438075DF2421171700F4EB0A /* Assets.xcassets */,
				438075E12421171700F4EB0A /* LaunchScreen.storyboard */,
				438075E42421171700F4EB0A /* Info.plist */,
			);
			path = "JH-memo";
			sourceTree = "<group>";
		};
		438075EC2421171700F4EB0A /* JH-memoTests */ = {
			isa = PBXGroup;
			children = (
				438075ED2421171700F4EB0A /* JH_memoTests.swift */,
				438075EF2421171700F4EB0A /* Info.plist */,
			);
			path = "JH-memoTests";
			sourceTree = "<group>";
		};
		438075F72421171800F4EB0A /* JH-memoUITests */ = {
			isa = PBXGroup;
			children = (
				438075F82421171800F4EB0A /* JH_memoUITests.swift */,
				438075FA2421171800F4EB0A /* Info.plist */,
			);
			path = "JH-memoUITests";
			sourceTree = "<group>";
		};
/* End PBXGroup section */

/* Begin PBXNativeTarget section */
		438075D22421171500F4EB0A /* JH-memo */ = {
			isa = PBXNativeTarget;
			buildConfigurationList = 438075FD2421171800F4EB0A /* Build configuration list for PBXNativeTarget "JH-memo" */;
			buildPhases = (
				438075CF2421171500F4EB0A /* Sources */,
				438075D02421171500F4EB0A /* Frameworks */,
				438075D12421171500F4EB0A /* Resources */,
			);
			buildRules = (
			);
			dependencies = (
			);
			name = "JH-memo";
			productName = "JH-memo";
			productReference = 438075D32421171500F4EB0A /* JH-memo.app */;
			productType = "com.apple.product-type.application";
		};
		438075E82421171700F4EB0A /* JH-memoTests */ = {
			isa = PBXNativeTarget;
			buildConfigurationList = 438076002421171800F4EB0A /* Build configuration list for PBXNativeTarget "JH-memoTests" */;
			buildPhases = (
				438075E52421171700F4EB0A /* Sources */,
				438075E62421171700F4EB0A /* Frameworks */,
				438075E72421171700F4EB0A /* Resources */,
			);
			buildRules = (
			);
			dependencies = (
				438075EB2421171700F4EB0A /* PBXTargetDependency */,
			);
			name = "JH-memoTests";
			productName = "JH-memoTests";
			productReference = 438075E92421171700F4EB0A /* JH-memoTests.xctest */;
			productType = "com.apple.product-type.bundle.unit-test";
		};
		438075F32421171800F4EB0A /* JH-memoUITests */ = {
			isa = PBXNativeTarget;
			buildConfigurationList = 438076032421171800F4EB0A /* Build configuration list for PBXNativeTarget "JH-memoUITests" */;
			buildPhases = (
				438075F02421171800F4EB0A /* Sources */,
				438075F12421171800F4EB0A /* Frameworks */,
				438075F22421171800F4EB0A /* Resources */,
			);
			buildRules = (
			);
			dependencies = (
				438075F62421171800F4EB0A /* PBXTargetDependency */,
			);
			name = "JH-memoUITests";
			productName = "JH-memoUITests";
			productReference = 438075F42421171800F4EB0A /* JH-memoUITests.xctest */;
			productType = "com.apple.product-type.bundle.ui-testing";
		};
/* End PBXNativeTarget section */

/* Begin PBXProject section */
		438075CB2421171500F4EB0A /* Project object */ = {
			isa = PBXProject;
			attributes = {
				LastSwiftUpdateCheck = 1130;
				LastUpgradeCheck = 1130;
				ORGANIZATIONNAME = "Jongho Lee";
				TargetAttributes = {
					438075D22421171500F4EB0A = {
						CreatedOnToolsVersion = 11.3.1;
					};
					438075E82421171700F4EB0A = {
						CreatedOnToolsVersion = 11.3.1;
						TestTargetID = 438075D22421171500F4EB0A;
					};
					438075F32421171800F4EB0A = {
						CreatedOnToolsVersion = 11.3.1;
						TestTargetID = 438075D22421171500F4EB0A;
					};
				};
			};
			buildConfigurationList = 438075CE2421171500F4EB0A /* Build configuration list for PBXProject "JH-memo" */;
			compatibilityVersion = "Xcode 9.3";
			developmentRegion = en;
			hasScannedForEncodings = 0;
			knownRegions = (
				en,
				Base,
			);
			mainGroup = 438075CA2421171500F4EB0A;
			productRefGroup = 438075D42421171500F4EB0A /* Products */;
			projectDirPath = "";
			projectRoot = "";
			targets = (
				438075D22421171500F4EB0A /* JH-memo */,
				438075E82421171700F4EB0A /* JH-memoTests */,
				438075F32421171800F4EB0A /* JH-memoUITests */,
			);
		};
/* End PBXProject section */

/* Begin PBXResourcesBuildPhase section */
		438075D12421171500F4EB0A /* Resources */ = {
			isa = PBXResourcesBuildPhase;
			buildActionMask = 2147483647;
			files = (
				438075E32421171700F4EB0A /* LaunchScreen.storyboard in Resources */,
				438075E02421171700F4EB0A /* Assets.xcassets in Resources */,
				438075DE2421171500F4EB0A /* Main.storyboard in Resources */,
			);
			runOnlyForDeploymentPostprocessing = 0;
		};
		438075E72421171700F4EB0A /* Resources */ = {
			isa = PBXResourcesBuildPhase;
			buildActionMask = 2147483647;
			files = (
			);
			runOnlyForDeploymentPostprocessing = 0;
		};
		438075F22421171800F4EB0A /* Resources */ = {
			isa = PBXResourcesBuildPhase;
			buildActionMask = 2147483647;
			files = (
			);
			runOnlyForDeploymentPostprocessing = 0;
		};
/* End PBXResourcesBuildPhase section */

/* Begin PBXSourcesBuildPhase section */
		438075CF2421171500F4EB0A /* Sources */ = {
			isa = PBXSourcesBuildPhase;
			buildActionMask = 2147483647;
			files = (
				438075DB2421171500F4EB0A /* ViewController.swift in Sources */,
				436D010624277D6400FA1F42 /* JHTableViewCell.swift in Sources */,
				438075D72421171500F4EB0A /* AppDelegate.swift in Sources */,
				438075D92421171500F4EB0A /* SceneDelegate.swift in Sources */,
			);
			runOnlyForDeploymentPostprocessing = 0;
		};
		438075E52421171700F4EB0A /* Sources */ = {
			isa = PBXSourcesBuildPhase;
			buildActionMask = 2147483647;
			files = (
				438075EE2421171700F4EB0A /* JH_memoTests.swift in Sources */,
			);
			runOnlyForDeploymentPostprocessing = 0;
		};
		438075F02421171800F4EB0A /* Sources */ = {
			isa = PBXSourcesBuildPhase;
			buildActionMask = 2147483647;
			files = (
				438075F92421171800F4EB0A /* JH_memoUITests.swift in Sources */,
			);
			runOnlyForDeploymentPostprocessing = 0;
		};
/* End PBXSourcesBuildPhase section */

/* Begin PBXTargetDependency section */
		438075EB2421171700F4EB0A /* PBXTargetDependency */ = {
			isa = PBXTargetDependency;
			target = 438075D22421171500F4EB0A /* JH-memo */;
			targetProxy = 438075EA2421171700F4EB0A /* PBXContainerItemProxy */;
		};
		438075F62421171800F4EB0A /* PBXTargetDependency */ = {
			isa = PBXTargetDependency;
			target = 438075D22421171500F4EB0A /* JH-memo */;
			targetProxy = 438075F52421171800F4EB0A /* PBXContainerItemProxy */;
		};
/* End PBXTargetDependency section */

/* Begin PBXVariantGroup section */
		438075DC2421171500F4EB0A /* Main.storyboard */ = {
			isa = PBXVariantGroup;
			children = (
				438075DD2421171500F4EB0A /* Base */,
			);
			name = Main.storyboard;
			sourceTree = "<group>";
		};
		438075E12421171700F4EB0A /* LaunchScreen.storyboard */ = {
			isa = PBXVariantGroup;
			children = (
				438075E22421171700F4EB0A /* Base */,
			);
			name = LaunchScreen.storyboard;
			sourceTree = "<group>";
		};
/* End PBXVariantGroup section */

/* Begin XCBuildConfiguration section */
		438075FB2421171800F4EB0A /* Debug */ = {
			isa = XCBuildConfiguration;
			buildSettings = {
				ALWAYS_SEARCH_USER_PATHS = NO;
				CLANG_ANALYZER_NONNULL = YES;
				CLANG_ANALYZER_NUMBER_OBJECT_CONVERSION = YES_AGGRESSIVE;
				CLANG_CXX_LANGUAGE_STANDARD = "gnu++14";
				CLANG_CXX_LIBRARY = "libc++";
				CLANG_ENABLE_MODULES = YES;
				CLANG_ENABLE_OBJC_ARC = YES;
				CLANG_ENABLE_OBJC_WEAK = YES;
				CLANG_WARN_BLOCK_CAPTURE_AUTORELEASING = YES;
				CLANG_WARN_BOOL_CONVERSION = YES;
				CLANG_WARN_COMMA = YES;
				CLANG_WARN_CONSTANT_CONVERSION = YES;
				CLANG_WARN_DEPRECATED_OBJC_IMPLEMENTATIONS = YES;
				CLANG_WARN_DIRECT_OBJC_ISA_USAGE = YES_ERROR;
				CLANG_WARN_DOCUMENTATION_COMMENTS = YES;
				CLANG_WARN_EMPTY_BODY = YES;
				CLANG_WARN_ENUM_CONVERSION = YES;
				CLANG_WARN_INFINITE_RECURSION = YES;
				CLANG_WARN_INT_CONVERSION = YES;
				CLANG_WARN_NON_LITERAL_NULL_CONVERSION = YES;
				CLANG_WARN_OBJC_IMPLICIT_RETAIN_SELF = YES;
				CLANG_WARN_OBJC_LITERAL_CONVERSION = YES;
				CLANG_WARN_OBJC_ROOT_CLASS = YES_ERROR;
				CLANG_WARN_RANGE_LOOP_ANALYSIS = YES;
				CLANG_WARN_STRICT_PROTOTYPES = YES;
				CLANG_WARN_SUSPICIOUS_MOVE = YES;
				CLANG_WARN_UNGUARDED_AVAILABILITY = YES_AGGRESSIVE;
				CLANG_WARN_UNREACHABLE_CODE = YES;
				CLANG_WARN__DUPLICATE_METHOD_MATCH = YES;
				COPY_PHASE_STRIP = NO;
				DEBUG_INFORMATION_FORMAT = dwarf;
				ENABLE_STRICT_OBJC_MSGSEND = YES;
				ENABLE_TESTABILITY = YES;
				GCC_C_LANGUAGE_STANDARD = gnu11;
				GCC_DYNAMIC_NO_PIC = NO;
				GCC_NO_COMMON_BLOCKS = YES;
				GCC_OPTIMIZATION_LEVEL = 0;
				GCC_PREPROCESSOR_DEFINITIONS = (
					"DEBUG=1",
					"$(inherited)",
				);
				GCC_WARN_64_TO_32_BIT_CONVERSION = YES;
				GCC_WARN_ABOUT_RETURN_TYPE = YES_ERROR;
				GCC_WARN_UNDECLARED_SELECTOR = YES;
				GCC_WARN_UNINITIALIZED_AUTOS = YES_AGGRESSIVE;
				GCC_WARN_UNUSED_FUNCTION = YES;
				GCC_WARN_UNUSED_VARIABLE = YES;
				IPHONEOS_DEPLOYMENT_TARGET = 13.2;
				MTL_ENABLE_DEBUG_INFO = INCLUDE_SOURCE;
				MTL_FAST_MATH = YES;
				ONLY_ACTIVE_ARCH = YES;
				SDKROOT = iphoneos;
				SWIFT_ACTIVE_COMPILATION_CONDITIONS = DEBUG;
				SWIFT_OPTIMIZATION_LEVEL = "-Onone";
			};
			name = Debug;
		};
		438075FC2421171800F4EB0A /* Release */ = {
			isa = XCBuildConfiguration;
			buildSettings = {
				ALWAYS_SEARCH_USER_PATHS = NO;
				CLANG_ANALYZER_NONNULL = YES;
				CLANG_ANALYZER_NUMBER_OBJECT_CONVERSION = YES_AGGRESSIVE;
				CLANG_CXX_LANGUAGE_STANDARD = "gnu++14";
				CLANG_CXX_LIBRARY = "libc++";
				CLANG_ENABLE_MODULES = YES;
				CLANG_ENABLE_OBJC_ARC = YES;
				CLANG_ENABLE_OBJC_WEAK = YES;
				CLANG_WARN_BLOCK_CAPTURE_AUTORELEASING = YES;
				CLANG_WARN_BOOL_CONVERSION = YES;
				CLANG_WARN_COMMA = YES;
				CLANG_WARN_CONSTANT_CONVERSION = YES;
				CLANG_WARN_DEPRECATED_OBJC_IMPLEMENTATIONS = YES;
				CLANG_WARN_DIRECT_OBJC_ISA_USAGE = YES_ERROR;
				CLANG_WARN_DOCUMENTATION_COMMENTS = YES;
				CLANG_WARN_EMPTY_BODY = YES;
				CLANG_WARN_ENUM_CONVERSION = YES;
				CLANG_WARN_INFINITE_RECURSION = YES;
				CLANG_WARN_INT_CONVERSION = YES;
				CLANG_WARN_NON_LITERAL_NULL_CONVERSION = YES;
				CLANG_WARN_OBJC_IMPLICIT_RETAIN_SELF = YES;
				CLANG_WARN_OBJC_LITERAL_CONVERSION = YES;
				CLANG_WARN_OBJC_ROOT_CLASS = YES_ERROR;
				CLANG_WARN_RANGE_LOOP_ANALYSIS = YES;
				CLANG_WARN_STRICT_PROTOTYPES = YES;
				CLANG_WARN_SUSPICIOUS_MOVE = YES;
				CLANG_WARN_UNGUARDED_AVAILABILITY = YES_AGGRESSIVE;
				CLANG_WARN_UNREACHABLE_CODE = YES;
				CLANG_WARN__DUPLICATE_METHOD_MATCH = YES;
				COPY_PHASE_STRIP = NO;
				DEBUG_INFORMATION_FORMAT = "dwarf-with-dsym";
				ENABLE_NS_ASSERTIONS = NO;
				ENABLE_STRICT_OBJC_MSGSEND = YES;
				GCC_C_LANGUAGE_STANDARD = gnu11;
				GCC_NO_COMMON_BLOCKS = YES;
				GCC_WARN_64_TO_32_BIT_CONVERSION = YES;
				GCC_WARN_ABOUT_RETURN_TYPE = YES_ERROR;
				GCC_WARN_UNDECLARED_SELECTOR = YES;
				GCC_WARN_UNINITIALIZED_AUTOS = YES_AGGRESSIVE;
				GCC_WARN_UNUSED_FUNCTION = YES;
				GCC_WARN_UNUSED_VARIABLE = YES;
				IPHONEOS_DEPLOYMENT_TARGET = 13.2;
				MTL_ENABLE_DEBUG_INFO = NO;
				MTL_FAST_MATH = YES;
				SDKROOT = iphoneos;
				SWIFT_COMPILATION_MODE = wholemodule;
				SWIFT_OPTIMIZATION_LEVEL = "-O";
				VALIDATE_PRODUCT = YES;
			};
			name = Release;
		};
		438075FE2421171800F4EB0A /* Debug */ = {
			isa = XCBuildConfiguration;
			buildSettings = {
				ASSETCATALOG_COMPILER_APPICON_NAME = AppIcon;
				CODE_SIGN_STYLE = Automatic;
				INFOPLIST_FILE = "JH-memo/Info.plist";
				LD_RUNPATH_SEARCH_PATHS = (
					"$(inherited)",
					"@executable_path/Frameworks",
				);
				PRODUCT_BUNDLE_IDENTIFIER = "com.jongko.JH-memo";
				PRODUCT_NAME = "$(TARGET_NAME)";
				SWIFT_VERSION = 5.0;
				TARGETED_DEVICE_FAMILY = "1,2";
			};
			name = Debug;
		};
		438075FF2421171800F4EB0A /* Release */ = {
			isa = XCBuildConfiguration;
			buildSettings = {
				ASSETCATALOG_COMPILER_APPICON_NAME = AppIcon;
				CODE_SIGN_STYLE = Automatic;
				INFOPLIST_FILE = "JH-memo/Info.plist";
				LD_RUNPATH_SEARCH_PATHS = (
					"$(inherited)",
					"@executable_path/Frameworks",
				);
				PRODUCT_BUNDLE_IDENTIFIER = "com.jongko.JH-memo";
				PRODUCT_NAME = "$(TARGET_NAME)";
				SWIFT_VERSION = 5.0;
				TARGETED_DEVICE_FAMILY = "1,2";
			};
			name = Release;
		};
		438076012421171800F4EB0A /* Debug */ = {
			isa = XCBuildConfiguration;
			buildSettings = {
				ALWAYS_EMBED_SWIFT_STANDARD_LIBRARIES = YES;
				BUNDLE_LOADER = "$(TEST_HOST)";
				CODE_SIGN_STYLE = Automatic;
				INFOPLIST_FILE = "JH-memoTests/Info.plist";
				IPHONEOS_DEPLOYMENT_TARGET = 13.2;
				LD_RUNPATH_SEARCH_PATHS = (
					"$(inherited)",
					"@executable_path/Frameworks",
					"@loader_path/Frameworks",
				);
				PRODUCT_BUNDLE_IDENTIFIER = "com.jongko.JH-memoTests";
				PRODUCT_NAME = "$(TARGET_NAME)";
				SWIFT_VERSION = 5.0;
				TARGETED_DEVICE_FAMILY = "1,2";
				TEST_HOST = "$(BUILT_PRODUCTS_DIR)/JH-memo.app/JH-memo";
			};
			name = Debug;
		};
		438076022421171800F4EB0A /* Release */ = {
			isa = XCBuildConfiguration;
			buildSettings = {
				ALWAYS_EMBED_SWIFT_STANDARD_LIBRARIES = YES;
				BUNDLE_LOADER = "$(TEST_HOST)";
				CODE_SIGN_STYLE = Automatic;
				INFOPLIST_FILE = "JH-memoTests/Info.plist";
				IPHONEOS_DEPLOYMENT_TARGET = 13.2;
				LD_RUNPATH_SEARCH_PATHS = (
					"$(inherited)",
					"@executable_path/Frameworks",
					"@loader_path/Frameworks",
				);
				PRODUCT_BUNDLE_IDENTIFIER = "com.jongko.JH-memoTests";
				PRODUCT_NAME = "$(TARGET_NAME)";
				SWIFT_VERSION = 5.0;
				TARGETED_DEVICE_FAMILY = "1,2";
				TEST_HOST = "$(BUILT_PRODUCTS_DIR)/JH-memo.app/JH-memo";
			};
			name = Release;
		};
		438076042421171800F4EB0A /* Debug */ = {
			isa = XCBuildConfiguration;
			buildSettings = {
				ALWAYS_EMBED_SWIFT_STANDARD_LIBRARIES = YES;
				CODE_SIGN_STYLE = Automatic;
				INFOPLIST_FILE = "JH-memoUITests/Info.plist";
				LD_RUNPATH_SEARCH_PATHS = (
					"$(inherited)",
					"@executable_path/Frameworks",
					"@loader_path/Frameworks",
				);
				PRODUCT_BUNDLE_IDENTIFIER = "com.jongko.JH-memoUITests";
				PRODUCT_NAME = "$(TARGET_NAME)";
				SWIFT_VERSION = 5.0;
				TARGETED_DEVICE_FAMILY = "1,2";
				TEST_TARGET_NAME = "JH-memo";
			};
			name = Debug;
		};
		438076052421171800F4EB0A /* Release */ = {
			isa = XCBuildConfiguration;
			buildSettings = {
				ALWAYS_EMBED_SWIFT_STANDARD_LIBRARIES = YES;
				CODE_SIGN_STYLE = Automatic;
				INFOPLIST_FILE = "JH-memoUITests/Info.plist";
				LD_RUNPATH_SEARCH_PATHS = (
					"$(inherited)",
					"@executable_path/Frameworks",
					"@loader_path/Frameworks",
				);
				PRODUCT_BUNDLE_IDENTIFIER = "com.jongko.JH-memoUITests";
				PRODUCT_NAME = "$(TARGET_NAME)";
				SWIFT_VERSION = 5.0;
				TARGETED_DEVICE_FAMILY = "1,2";
				TEST_TARGET_NAME = "JH-memo";
			};
			name = Release;
		};
/* End XCBuildConfiguration section */

/* Begin XCConfigurationList section */
		438075CE2421171500F4EB0A /* Build configuration list for PBXProject "JH-memo" */ = {
			isa = XCConfigurationList;
			buildConfigurations = (
				438075FB2421171800F4EB0A /* Debug */,
				438075FC2421171800F4EB0A /* Release */,
			);
			defaultConfigurationIsVisible = 0;
			defaultConfigurationName = Release;
		};
		438075FD2421171800F4EB0A /* Build configuration list for PBXNativeTarget "JH-memo" */ = {
			isa = XCConfigurationList;
			buildConfigurations = (
				438075FE2421171800F4EB0A /* Debug */,
				438075FF2421171800F4EB0A /* Release */,
			);
			defaultConfigurationIsVisible = 0;
			defaultConfigurationName = Release;
		};
		438076002421171800F4EB0A /* Build configuration list for PBXNativeTarget "JH-memoTests" */ = {
			isa = XCConfigurationList;
			buildConfigurations = (
				438076012421171800F4EB0A /* Debug */,
				438076022421171800F4EB0A /* Release */,
			);
			defaultConfigurationIsVisible = 0;
			defaultConfigurationName = Release;
		};
		438076032421171800F4EB0A /* Build configuration list for PBXNativeTarget "JH-memoUITests" */ = {
			isa = XCConfigurationList;
			buildConfigurations = (
				438076042421171800F4EB0A /* Debug */,
				438076052421171800F4EB0A /* Release */,
			);
			defaultConfigurationIsVisible = 0;
			defaultConfigurationName = Release;
		};
/* End XCConfigurationList section */
	};
	rootObject = 438075CB2421171500F4EB0A /* Project object */;
}
